
Microsoft Visual Studio Solution File, Format Version 12.00
# Visual Studio 2013
VisualStudioVersion = 12.0.30723.0
MinimumVisualStudioVersion = 10.0.40219.1
Project("{2150E333-8FDC-42A3-9474-1A3956D46DE8}") = "1. Apresentação", "1. Apresentação", "{51DC7D9A-3F85-4117-81B8-093DC7A8A85F}"
EndProject
Project("{2150E333-8FDC-42A3-9474-1A3956D46DE8}") = "2. Sistemas Distribuídos", "2. Sistemas Distribuídos", "{654FEAB9-12E2-49A7-9902-198D96D0391B}"
EndProject
Project("{2150E333-8FDC-42A3-9474-1A3956D46DE8}") = "3. Aplicação", "3. Aplicação", "{ECCA1AC4-97DA-45D0-8528-44F823BA0189}"
EndProject
Project("{2150E333-8FDC-42A3-9474-1A3956D46DE8}") = "4. Domínio", "4. Domínio", "{5F657BE6-DD47-4A44-8464-9350ED77CDC8}"
EndProject
Project("{2150E333-8FDC-42A3-9474-1A3956D46DE8}") = "5. Infraestrutura", "5. Infraestrutura", "{D5C2827A-6620-40CD-B97F-0D0B45AE234C}"
EndProject
Project("{FAE04EC0-301F-11D3-BF4B-00C04F79EFBC}") = "Uniplac.Sindicontrata.Dominio", "Uniplac.Sindicontrata.Dominio\Uniplac.Sindicontrata.Dominio.csproj", "{AD0074B9-7EF9-4C29-B4D0-7E428F1B9DC2}"
EndProject
Project("{2150E333-8FDC-42A3-9474-1A3956D46DE8}") = "5.1 Acesso a Dados", "5.1 Acesso a Dados", "{F8A9F235-C316-4E24-8C85-AEEE3F42B485}"
EndProject
Project("{FAE04EC0-301F-11D3-BF4B-00C04F79EFBC}") = "Uniplac.Sindicontrata.Infraestrutura.AcessoDados", "Uniplac.Sindicontrata.Infraestrutura.AcessoDados\Uniplac.Sindicontrata.Infraestrutura.AcessoDados.csproj", "{79F973D0-20FB-45C2-902A-AF4E519ED4EA}"
EndProject
Project("{FAE04EC0-301F-11D3-BF4B-00C04F79EFBC}") = "Uniplac.Sindicontrata.Aplicacao", "Uniplac.Sindicontrata.Aplicacao\Uniplac.Sindicontrata.Aplicacao.csproj", "{0B5A6311-16CC-4238-807A-98164348DAE4}"
EndProject
Project("{FAE04EC0-301F-11D3-BF4B-00C04F79EFBC}") = "Uniplac.Sindicontrata.WebApi", "Uniplac.Sindicontrata.WebApi\Uniplac.Sindicontrata.WebApi.csproj", "{A541EC39-E232-43D3-B56D-72CC9D015254}"
EndProject
Project("{2150E333-8FDC-42A3-9474-1A3956D46DE8}") = ".nuget", ".nuget", "{0CBB759F-4D9C-4DA0-933D-1E28B9FF3AC1}"
	ProjectSection(SolutionItems) = preProject
		.nuget\NuGet.Config = .nuget\NuGet.Config
		.nuget\NuGet.exe = .nuget\NuGet.exe
		.nuget\NuGet.targets = .nuget\NuGet.targets
	EndProjectSection
EndProject
Global
	GlobalSection(SolutionConfigurationPlatforms) = preSolution
		Debug|Any CPU = Debug|Any CPU
		Dev-Deploy|Any CPU = Dev-Deploy|Any CPU
		Release|Any CPU = Release|Any CPU
		Test|Any CPU = Test|Any CPU
	EndGlobalSection
	GlobalSection(ProjectConfigurationPlatforms) = postSolution
		{AD0074B9-7EF9-4C29-B4D0-7E428F1B9DC2}.Debug|Any CPU.ActiveCfg = Debug|Any CPU
		{AD0074B9-7EF9-4C29-B4D0-7E428F1B9DC2}.Debug|Any CPU.Build.0 = Debug|Any CPU
		{AD0074B9-7EF9-4C29-B4D0-7E428F1B9DC2}.Dev-Deploy|Any CPU.ActiveCfg = Debug|Any CPU
		{AD0074B9-7EF9-4C29-B4D0-7E428F1B9DC2}.Dev-Deploy|Any CPU.Build.0 = Debug|Any CPU
		{AD0074B9-7EF9-4C29-B4D0-7E428F1B9DC2}.Release|Any CPU.ActiveCfg = Release|Any CPU
		{AD0074B9-7EF9-4C29-B4D0-7E428F1B9DC2}.Release|Any CPU.Build.0 = Release|Any CPU
		{AD0074B9-7EF9-4C29-B4D0-7E428F1B9DC2}.Test|Any CPU.ActiveCfg = Release|Any CPU
		{AD0074B9-7EF9-4C29-B4D0-7E428F1B9DC2}.Test|Any CPU.Build.0 = Release|Any CPU
		{79F973D0-20FB-45C2-902A-AF4E519ED4EA}.Debug|Any CPU.ActiveCfg = Debug|Any CPU
		{79F973D0-20FB-45C2-902A-AF4E519ED4EA}.Debug|Any CPU.Build.0 = Debug|Any CPU
		{79F973D0-20FB-45C2-902A-AF4E519ED4EA}.Dev-Deploy|Any CPU.ActiveCfg = Debug|Any CPU
		{79F973D0-20FB-45C2-902A-AF4E519ED4EA}.Dev-Deploy|Any CPU.Build.0 = Debug|Any CPU
		{79F973D0-20FB-45C2-902A-AF4E519ED4EA}.Release|Any CPU.ActiveCfg = Release|Any CPU
		{79F973D0-20FB-45C2-902A-AF4E519ED4EA}.Release|Any CPU.Build.0 = Release|Any CPU
		{79F973D0-20FB-45C2-902A-AF4E519ED4EA}.Test|Any CPU.ActiveCfg = Release|Any CPU
		{79F973D0-20FB-45C2-902A-AF4E519ED4EA}.Test|Any CPU.Build.0 = Release|Any CPU
		{0B5A6311-16CC-4238-807A-98164348DAE4}.Debug|Any CPU.ActiveCfg = Debug|Any CPU
		{0B5A6311-16CC-4238-807A-98164348DAE4}.Debug|Any CPU.Build.0 = Debug|Any CPU
		{0B5A6311-16CC-4238-807A-98164348DAE4}.Dev-Deploy|Any CPU.ActiveCfg = Debug|Any CPU
		{0B5A6311-16CC-4238-807A-98164348DAE4}.Dev-Deploy|Any CPU.Build.0 = Debug|Any CPU
		{0B5A6311-16CC-4238-807A-98164348DAE4}.Release|Any CPU.ActiveCfg = Release|Any CPU
		{0B5A6311-16CC-4238-807A-98164348DAE4}.Release|Any CPU.Build.0 = Release|Any CPU
		{0B5A6311-16CC-4238-807A-98164348DAE4}.Test|Any CPU.ActiveCfg = Release|Any CPU
		{0B5A6311-16CC-4238-807A-98164348DAE4}.Test|Any CPU.Build.0 = Release|Any CPU
		{A541EC39-E232-43D3-B56D-72CC9D015254}.Debug|Any CPU.ActiveCfg = Debug|Any CPU
		{A541EC39-E232-43D3-B56D-72CC9D015254}.Debug|Any CPU.Build.0 = Debug|Any CPU
		{A541EC39-E232-43D3-B56D-72CC9D015254}.Dev-Deploy|Any CPU.ActiveCfg = Dev-Deploy|Any CPU
		{A541EC39-E232-43D3-B56D-72CC9D015254}.Dev-Deploy|Any CPU.Build.0 = Dev-Deploy|Any CPU
		{A541EC39-E232-43D3-B56D-72CC9D015254}.Release|Any CPU.ActiveCfg = Release|Any CPU
		{A541EC39-E232-43D3-B56D-72CC9D015254}.Release|Any CPU.Build.0 = Release|Any CPU
		{A541EC39-E232-43D3-B56D-72CC9D015254}.Test|Any CPU.ActiveCfg = Test|Any CPU
		{A541EC39-E232-43D3-B56D-72CC9D015254}.Test|Any CPU.Build.0 = Test|Any CPU
	EndGlobalSection
	GlobalSection(SolutionProperties) = preSolution
		HideSolutionNode = FALSE
	EndGlobalSection
	GlobalSection(NestedProjects) = preSolution
		{AD0074B9-7EF9-4C29-B4D0-7E428F1B9DC2} = {5F657BE6-DD47-4A44-8464-9350ED77CDC8}
		{F8A9F235-C316-4E24-8C85-AEEE3F42B485} = {D5C2827A-6620-40CD-B97F-0D0B45AE234C}
		{79F973D0-20FB-45C2-902A-AF4E519ED4EA} = {F8A9F235-C316-4E24-8C85-AEEE3F42B485}
		{0B5A6311-16CC-4238-807A-98164348DAE4} = {ECCA1AC4-97DA-45D0-8528-44F823BA0189}
		{A541EC39-E232-43D3-B56D-72CC9D015254} = {654FEAB9-12E2-49A7-9902-198D96D0391B}
	EndGlobalSection
EndGlobal
